
Microsoft Visual Studio Solution File, Format Version 12.00
# Visual Studio Version 17
VisualStudioVersion = 17.3.32929.385
MinimumVisualStudioVersion = 10.0.40219.1
Project("{FAE04EC0-301F-11D3-BF4B-00C04F79EFBC}") = "DataDownloader", "DataDownloader\DataDownloader.csproj", "{7BED12D8-BAAC-437B-BF6D-444BA9E8F50B}"
EndProject
Global
	GlobalSection(SolutionConfigurationPlatforms) = preSolution
		Debug|Any CPU = Debug|Any CPU
		Release|Any CPU = Release|Any CPU
	EndGlobalSection
	GlobalSection(ProjectConfigurationPlatforms) = postSolution
		{7BED12D8-BAAC-437B-BF6D-444BA9E8F50B}.Debug|Any CPU.ActiveCfg = Debug|Any CPU
		{7BED12D8-BAAC-437B-BF6D-444BA9E8F50B}.Debug|Any CPU.Build.0 = Debug|Any CPU
		{7BED12D8-BAAC-437B-BF6D-444BA9E8F50B}.Release|Any CPU.ActiveCfg = Release|Any CPU
		{7BED12D8-BAAC-437B-BF6D-444BA9E8F50B}.Release|Any CPU.Build.0 = Release|Any CPU
	EndGlobalSection
	GlobalSection(SolutionProperties) = preSolution
		HideSolutionNode = FALSE
	EndGlobalSection
	GlobalSection(ExtensibilityGlobals) = postSolution
		SolutionGuid = {BC6F6D46-9382-40ED-9FD8-1B9FAC15A8F6}
	EndGlobalSection
EndGlobal
